
Microsoft Visual Studio Solution File, Format Version 12.00
# Visual Studio 14
VisualStudioVersion = 14.0.25123.0
MinimumVisualStudioVersion = 10.0.40219.1
Project("{8BB2217D-0F2D-49D1-97BC-3654ED321F3B}") = "PottyTrainner.Api", "PottyTrainner.Api\PottyTrainner.Api.xproj", "{481D8AF0-FCC9-4344-A639-E2299A24B7D0}"
EndProject
Project("{FAE04EC0-301F-11D3-BF4B-00C04F79EFBC}") = "PottyTrainer.Contracts", "PottyTrainer.Contracts\PottyTrainer.Contracts.csproj", "{5AB34A3E-08CF-40F2-8C51-7CBA95E49E18}"
EndProject
Global
	GlobalSection(SolutionConfigurationPlatforms) = preSolution
		Debug|Any CPU = Debug|Any CPU
		Release|Any CPU = Release|Any CPU
	EndGlobalSection
	GlobalSection(ProjectConfigurationPlatforms) = postSolution
		{481D8AF0-FCC9-4344-A639-E2299A24B7D0}.Debug|Any CPU.ActiveCfg = Debug|Any CPU
		{481D8AF0-FCC9-4344-A639-E2299A24B7D0}.Debug|Any CPU.Build.0 = Debug|Any CPU
		{481D8AF0-FCC9-4344-A639-E2299A24B7D0}.Release|Any CPU.ActiveCfg = Release|Any CPU
		{481D8AF0-FCC9-4344-A639-E2299A24B7D0}.Release|Any CPU.Build.0 = Release|Any CPU
		{5AB34A3E-08CF-40F2-8C51-7CBA95E49E18}.Debug|Any CPU.ActiveCfg = Debug|Any CPU
		{5AB34A3E-08CF-40F2-8C51-7CBA95E49E18}.Debug|Any CPU.Build.0 = Debug|Any CPU
		{5AB34A3E-08CF-40F2-8C51-7CBA95E49E18}.Release|Any CPU.ActiveCfg = Release|Any CPU
		{5AB34A3E-08CF-40F2-8C51-7CBA95E49E18}.Release|Any CPU.Build.0 = Release|Any CPU
	EndGlobalSection
	GlobalSection(SolutionProperties) = preSolution
		HideSolutionNode = FALSE
	EndGlobalSection
EndGlobal
