
Microsoft Visual Studio Solution File, Format Version 12.00
# Visual Studio 14
VisualStudioVersion = 14.0.25123.0
MinimumVisualStudioVersion = 10.0.40219.1
Project("{FAE04EC0-301F-11D3-BF4B-00C04F79EFBC}") = "PottyTrainer.DataSource", "PottyTrainer.DataSource\PottyTrainer.DataSource.csproj", "{1D04784B-152C-4DEA-9A80-8AC5D6B4A9F0}"
EndProject
Project("{FAE04EC0-301F-11D3-BF4B-00C04F79EFBC}") = "PottyTrainer.Api461", "PottyTrainer.Api461\PottyTrainer.Api461.csproj", "{0C64AC2B-AEB1-499E-904B-AD97A36516A0}"
EndProject
Project("{FAE04EC0-301F-11D3-BF4B-00C04F79EFBC}") = "PottyTrainer.DataModel", "PottyTrainer.DataModel\PottyTrainer.DataModel.csproj", "{34555D71-AE8E-4064-B78B-694FCB60018B}"
EndProject
Global
	GlobalSection(SolutionConfigurationPlatforms) = preSolution
		Debug|Any CPU = Debug|Any CPU
		Release|Any CPU = Release|Any CPU
	EndGlobalSection
	GlobalSection(ProjectConfigurationPlatforms) = postSolution
		{1D04784B-152C-4DEA-9A80-8AC5D6B4A9F0}.Debug|Any CPU.ActiveCfg = Debug|Any CPU
		{1D04784B-152C-4DEA-9A80-8AC5D6B4A9F0}.Debug|Any CPU.Build.0 = Debug|Any CPU
		{1D04784B-152C-4DEA-9A80-8AC5D6B4A9F0}.Release|Any CPU.ActiveCfg = Release|Any CPU
		{1D04784B-152C-4DEA-9A80-8AC5D6B4A9F0}.Release|Any CPU.Build.0 = Release|Any CPU
		{0C64AC2B-AEB1-499E-904B-AD97A36516A0}.Debug|Any CPU.ActiveCfg = Debug|Any CPU
		{0C64AC2B-AEB1-499E-904B-AD97A36516A0}.Debug|Any CPU.Build.0 = Debug|Any CPU
		{0C64AC2B-AEB1-499E-904B-AD97A36516A0}.Release|Any CPU.ActiveCfg = Release|Any CPU
		{0C64AC2B-AEB1-499E-904B-AD97A36516A0}.Release|Any CPU.Build.0 = Release|Any CPU
		{34555D71-AE8E-4064-B78B-694FCB60018B}.Debug|Any CPU.ActiveCfg = Debug|Any CPU
		{34555D71-AE8E-4064-B78B-694FCB60018B}.Debug|Any CPU.Build.0 = Debug|Any CPU
		{34555D71-AE8E-4064-B78B-694FCB60018B}.Release|Any CPU.ActiveCfg = Release|Any CPU
		{34555D71-AE8E-4064-B78B-694FCB60018B}.Release|Any CPU.Build.0 = Release|Any CPU
	EndGlobalSection
	GlobalSection(SolutionProperties) = preSolution
		HideSolutionNode = FALSE
	EndGlobalSection
EndGlobal
