
Microsoft Visual Studio Solution File, Format Version 12.00
# Visual Studio 14
VisualStudioVersion = 14.0.25123.0
MinimumVisualStudioVersion = 10.0.40219.1
Project("{FAE04EC0-301F-11D3-BF4B-00C04F79EFBC}") = "PottyTrainer.Android", "PottyTrainer.Android\PottyTrainer.Android.csproj", "{BF6BBFBA-4AFB-4D7E-B703-BB216C0AF279}"
EndProject
Project("{FAE04EC0-301F-11D3-BF4B-00C04F79EFBC}") = "PottyTrainer.Contracts", "PottyTrainer.Contracts\PottyTrainer.Contracts.csproj", "{5AB34A3E-08CF-40F2-8C51-7CBA95E49E18}"
EndProject
Global
	GlobalSection(SolutionConfigurationPlatforms) = preSolution
		Debug|Any CPU = Debug|Any CPU
		Release|Any CPU = Release|Any CPU
	EndGlobalSection
	GlobalSection(ProjectConfigurationPlatforms) = postSolution
		{BF6BBFBA-4AFB-4D7E-B703-BB216C0AF279}.Debug|Any CPU.ActiveCfg = Debug|Any CPU
		{BF6BBFBA-4AFB-4D7E-B703-BB216C0AF279}.Debug|Any CPU.Build.0 = Debug|Any CPU
		{BF6BBFBA-4AFB-4D7E-B703-BB216C0AF279}.Debug|Any CPU.Deploy.0 = Debug|Any CPU
		{BF6BBFBA-4AFB-4D7E-B703-BB216C0AF279}.Release|Any CPU.ActiveCfg = Release|Any CPU
		{BF6BBFBA-4AFB-4D7E-B703-BB216C0AF279}.Release|Any CPU.Build.0 = Release|Any CPU
		{BF6BBFBA-4AFB-4D7E-B703-BB216C0AF279}.Release|Any CPU.Deploy.0 = Release|Any CPU
		{5AB34A3E-08CF-40F2-8C51-7CBA95E49E18}.Debug|Any CPU.ActiveCfg = Debug|Any CPU
		{5AB34A3E-08CF-40F2-8C51-7CBA95E49E18}.Debug|Any CPU.Build.0 = Debug|Any CPU
		{5AB34A3E-08CF-40F2-8C51-7CBA95E49E18}.Release|Any CPU.ActiveCfg = Release|Any CPU
		{5AB34A3E-08CF-40F2-8C51-7CBA95E49E18}.Release|Any CPU.Build.0 = Release|Any CPU
	EndGlobalSection
	GlobalSection(SolutionProperties) = preSolution
		HideSolutionNode = FALSE
	EndGlobalSection
EndGlobal
